<?xml version="1.0" encoding="utf-8"?>
<Project ToolsVersion="4.0" xmlns="http://schemas.microsoft.com/developer/msbuild/2003">
  <ItemGroup>
    <ClInclude Include="$(MSBuildThisFileDirectory)BasicInclude.h" />
    <ClInclude Include="$(MSBuildThisFileDirectory)Basic\App.h">
      <Filter>Basic\Headers</Filter>
    </ClInclude>
    <ClInclude Include="$(MSBuildThisFileDirectory)Basic\BaseCommon.h">
      <Filter>Basic\Headers</Filter>
    </ClInclude>
    <ClInclude Include="$(MSBuildThisFileDirectory)Basic\BaseDevice.h">
      <Filter>Basic\Headers</Filter>
    </ClInclude>
    <ClInclude Include="$(MSBuildThisFileDirectory)Basic\BaseHelper.h">
      <Filter>Basic\Headers</Filter>
    </ClInclude>
    <ClInclude Include="$(MSBuildThisFileDirectory)Basic\BaseMath.h">
      <Filter>Basic\Headers</Filter>
    </ClInclude>
    <ClInclude Include="$(MSBuildThisFileDirectory)Basic\BaseMathInc.h">
      <Filter>Basic\Headers</Filter>
    </ClInclude>
    <ClInclude Include="$(MSBuildThisFileDirectory)Basic\BaseMesh.h">
      <Filter>Basic\Headers</Filter>
    </ClInclude>
    <ClInclude Include="$(MSBuildThisFileDirectory)Basic\BaseScene.h">
      <Filter>Basic\Headers</Filter>
    </ClInclude>
    <ClInclude Include="$(MSBuildThisFileDirectory)Basic\BaseTexture.h">
      <Filter>Basic\Headers</Filter>
    </ClInclude>
    <ClInclude Include="$(MSBuildThisFileDirectory)Basic\BlendState.h">
      <Filter>Basic\Headers</Filter>
    </ClInclude>
    <ClInclude Include="$(MSBuildThisFileDirectory)Basic\Camera.h">
      <Filter>Basic\Headers</Filter>
    </ClInclude>
    <ClInclude Include="$(MSBuildThisFileDirectory)Basic\d3dx12.h">
      <Filter>Basic\Headers</Filter>
    </ClInclude>
    <ClInclude Include="$(MSBuildThisFileDirectory)Basic\DxHelper.h">
      <Filter>Basic\Headers</Filter>
    </ClInclude>
    <ClInclude Include="$(MSBuildThisFileDirectory)Basic\FrameResource.h">
      <Filter>Basic\Headers</Filter>
    </ClInclude>
    <ClInclude Include="$(MSBuildThisFileDirectory)Basic\InputDevice.h">
      <Filter>Basic\Headers</Filter>
    </ClInclude>
    <ClInclude Include="$(MSBuildThisFileDirectory)Basic\Light.h">
      <Filter>Basic\Headers</Filter>
    </ClInclude>
    <ClInclude Include="$(MSBuildThisFileDirectory)Basic\MeshHelper.h">
      <Filter>Basic\Headers</Filter>
    </ClInclude>
    <ClInclude Include="$(MSBuildThisFileDirectory)Basic\ObjectInterface.h">
      <Filter>Basic\Headers</Filter>
    </ClInclude>
    <ClInclude Include="$(MSBuildThisFileDirectory)Basic\PipelineState.h">
      <Filter>Basic\Headers</Filter>
    </ClInclude>
    <ClInclude Include="$(MSBuildThisFileDirectory)Basic\PrimDevice.h">
      <Filter>Basic\Headers</Filter>
    </ClInclude>
    <ClInclude Include="$(MSBuildThisFileDirectory)Basic\RootSignature.h">
      <Filter>Basic\Headers</Filter>
    </ClInclude>
    <ClInclude Include="$(MSBuildThisFileDirectory)Basic\StepTimer.h">
      <Filter>Basic\Headers</Filter>
    </ClInclude>
    <ClInclude Include="$(MSBuildThisFileDirectory)Basic\targetver.h">
      <Filter>Basic\Headers</Filter>
    </ClInclude>
    <ClInclude Include="$(MSBuildThisFileDirectory)Basic\UILayer.h">
      <Filter>Basic\Headers</Filter>
    </ClInclude>
    <ClInclude Include="$(MSBuildThisFileDirectory)Basic\VertexHelper.h">
      <Filter>Basic\Headers</Filter>
    </ClInclude>
    <ClInclude Include="$(MSBuildThisFileDirectory)Basic\TransHelper.h">
      <Filter>Basic\Headers</Filter>
    </ClInclude>
    <ClInclude Include="$(MSBuildThisFileDirectory)Standerd\Component.h">
      <Filter>Standerd\Components\Headers</Filter>
    </ClInclude>
    <ClInclude Include="$(MSBuildThisFileDirectory)Standerd\Transform.h">
      <Filter>Standerd\Components\Headers</Filter>
    </ClInclude>
    <ClInclude Include="$(MSBuildThisFileDirectory)Standerd\GameObject.h">
      <Filter>Standerd\Objects\Headers</Filter>
    </ClInclude>
    <ClInclude Include="$(MSBuildThisFileDirectory)Standerd\Stage.h">
      <Filter>Standerd\Objects\Headers</Filter>
    </ClInclude>
    <ClInclude Include="$(MSBuildThisFileDirectory)Standerd\Shadowmap.h">
      <Filter>Standerd\Components\Headers</Filter>
    </ClInclude>
    <ClInclude Include="$(MSBuildThisFileDirectory)Standerd\BcStaticDraw.h">
      <Filter>Standerd\Components\Headers</Filter>
    </ClInclude>
    <ClInclude Include="$(MSBuildThisFileDirectory)Standerd\Behavior.h">
      <Filter>Standerd\Objects\Headers</Filter>
    </ClInclude>
    <ClInclude Include="$(MSBuildThisFileDirectory)Standerd\Gravity.h">
      <Filter>Standerd\Components\Headers</Filter>
    </ClInclude>
    <ClInclude Include="$(MSBuildThisFileDirectory)Standerd\Collision.h">
      <Filter>Standerd\Components\Headers</Filter>
    </ClInclude>
    <ClInclude Include="$(MSBuildThisFileDirectory)Standerd\CollisionManager.h">
      <Filter>Standerd\Objects\Headers</Filter>
    </ClInclude>
  </ItemGroup>
  <ItemGroup>
    <Filter Include="Basic">
      <UniqueIdentifier>{3c2a9139-496b-4d63-885a-ebabee9d9c5a}</UniqueIdentifier>
    </Filter>
    <Filter Include="Basic\Sources">
      <UniqueIdentifier>{4af9ea80-6f1f-44f3-98ca-3714e84d28b9}</UniqueIdentifier>
    </Filter>
    <Filter Include="Basic\Headers">
      <UniqueIdentifier>{56d51648-1fb2-4263-a134-09f65ab8257b}</UniqueIdentifier>
    </Filter>
    <Filter Include="Standerd">
      <UniqueIdentifier>{ab7b9c41-2f9b-49dc-9d4c-87fe20e3f760}</UniqueIdentifier>
    </Filter>
    <Filter Include="Standerd\Components">
      <UniqueIdentifier>{40db5963-5500-44ec-be83-8df93e9dcb2c}</UniqueIdentifier>
    </Filter>
    <Filter Include="Standerd\Objects">
      <UniqueIdentifier>{6dec40ed-376a-46d5-a071-76a4240ce853}</UniqueIdentifier>
    </Filter>
    <Filter Include="Standerd\Components\Headers">
      <UniqueIdentifier>{7c58790c-4199-4112-9a2f-b601e3dad889}</UniqueIdentifier>
    </Filter>
    <Filter Include="Standerd\Components\Sources">
      <UniqueIdentifier>{ff52c41f-5517-4489-ae64-7cb0d8431bcc}</UniqueIdentifier>
    </Filter>
    <Filter Include="Standerd\Objects\Headers">
      <UniqueIdentifier>{90f2a41a-880e-4f35-86c6-91f89dd4c8db}</UniqueIdentifier>
    </Filter>
    <Filter Include="Standerd\Objects\Sources">
      <UniqueIdentifier>{425a845c-b8a7-4cf8-9602-17e7d749adbf}</UniqueIdentifier>
    </Filter>
    <Filter Include="Shaders">
      <UniqueIdentifier>{ed842153-0b43-4af5-b160-5290c14710c5}</UniqueIdentifier>
    </Filter>
  </ItemGroup>
  <ItemGroup>
    <ClCompile Include="$(MSBuildThisFileDirectory)Basic\App.cpp">
      <Filter>Basic\Sources</Filter>
    </ClCompile>
    <ClCompile Include="$(MSBuildThisFileDirectory)Basic\BaseDevice.cpp">
      <Filter>Basic\Sources</Filter>
    </ClCompile>
    <ClCompile Include="$(MSBuildThisFileDirectory)Basic\BaseHelper.cpp">
      <Filter>Basic\Sources</Filter>
    </ClCompile>
    <ClCompile Include="$(MSBuildThisFileDirectory)Basic\BaseMesh.cpp">
      <Filter>Basic\Sources</Filter>
    </ClCompile>
    <ClCompile Include="$(MSBuildThisFileDirectory)Basic\BaseScene.cpp">
      <Filter>Basic\Sources</Filter>
    </ClCompile>
    <ClCompile Include="$(MSBuildThisFileDirectory)Basic\BaseTexture.cpp">
      <Filter>Basic\Sources</Filter>
    </ClCompile>
    <ClCompile Include="$(MSBuildThisFileDirectory)Basic\BlendState.cpp">
      <Filter>Basic\Sources</Filter>
    </ClCompile>
    <ClCompile Include="$(MSBuildThisFileDirectory)Basic\Camera.cpp">
      <Filter>Basic\Sources</Filter>
    </ClCompile>
    <ClCompile Include="$(MSBuildThisFileDirectory)Basic\FrameResource.cpp">
      <Filter>Basic\Sources</Filter>
    </ClCompile>
    <ClCompile Include="$(MSBuildThisFileDirectory)Basic\Light.cpp">
      <Filter>Basic\Sources</Filter>
    </ClCompile>
    <ClCompile Include="$(MSBuildThisFileDirectory)Basic\MeshHelper.cpp">
      <Filter>Basic\Sources</Filter>
    </ClCompile>
    <ClCompile Include="$(MSBuildThisFileDirectory)Basic\PipelineState.cpp">
      <Filter>Basic\Sources</Filter>
    </ClCompile>
    <ClCompile Include="$(MSBuildThisFileDirectory)Basic\PrimDevice.cpp">
      <Filter>Basic\Sources</Filter>
    </ClCompile>
    <ClCompile Include="$(MSBuildThisFileDirectory)Basic\RootSignature.cpp">
      <Filter>Basic\Sources</Filter>
    </ClCompile>
    <ClCompile Include="$(MSBuildThisFileDirectory)Basic\UILayer.cpp">
      <Filter>Basic\Sources</Filter>
    </ClCompile>
    <ClCompile Include="$(MSBuildThisFileDirectory)Basic\VertexHelper.cpp">
      <Filter>Basic\Sources</Filter>
    </ClCompile>
    <ClCompile Include="$(MSBuildThisFileDirectory)Basic\ObjectInterface.cpp">
      <Filter>Basic\Sources</Filter>
    </ClCompile>
    <ClCompile Include="$(MSBuildThisFileDirectory)Standerd\Component.cpp">
      <Filter>Standerd\Components\Sources</Filter>
    </ClCompile>
    <ClCompile Include="$(MSBuildThisFileDirectory)Standerd\Transform.cpp">
      <Filter>Standerd\Components\Sources</Filter>
    </ClCompile>
    <ClCompile Include="$(MSBuildThisFileDirectory)Standerd\GameObject.cpp">
      <Filter>Standerd\Objects\Sources</Filter>
    </ClCompile>
    <ClCompile Include="$(MSBuildThisFileDirectory)Standerd\Stage.cpp">
      <Filter>Standerd\Objects\Sources</Filter>
    </ClCompile>
    <ClCompile Include="$(MSBuildThisFileDirectory)Standerd\Shadowmap.cpp">
      <Filter>Standerd\Components\Sources</Filter>
    </ClCompile>
    <ClCompile Include="$(MSBuildThisFileDirectory)Standerd\BcStaticDraw.cpp">
      <Filter>Standerd\Components\Sources</Filter>
    </ClCompile>
    <ClCompile Include="$(MSBuildThisFileDirectory)Standerd\Behavior.cpp">
      <Filter>Standerd\Objects\Sources</Filter>
    </ClCompile>
    <ClCompile Include="$(MSBuildThisFileDirectory)Standerd\Gravity.cpp">
      <Filter>Standerd\Components\Sources</Filter>
    </ClCompile>
    <ClCompile Include="$(MSBuildThisFileDirectory)Standerd\Collision.cpp">
      <Filter>Standerd\Components\Sources</Filter>
    </ClCompile>
    <ClCompile Include="$(MSBuildThisFileDirectory)Standerd\CollisionManager.cpp">
      <Filter>Standerd\Objects\Sources</Filter>
    </ClCompile>
  </ItemGroup>
  <ItemGroup>
    <None Include="$(MSBuildThisFileDirectory)Shaders\BcINCCommon.hlsli">
      <Filter>Shaders</Filter>
    </None>
    <None Include="$(MSBuildThisFileDirectory)Shaders\BcINCConstant.hlsli">
      <Filter>Shaders</Filter>
    </None>
    <None Include="$(MSBuildThisFileDirectory)Shaders\BcINCLighting.hlsli">
      <Filter>Shaders</Filter>
    </None>
    <None Include="$(MSBuildThisFileDirectory)Shaders\BcINCShadow.hlsli">
      <Filter>Shaders</Filter>
    </None>
    <None Include="$(MSBuildThisFileDirectory)Shaders\BcINCStructs.hlsli">
      <Filter>Shaders</Filter>
    </None>
    <None Include="$(MSBuildThisFileDirectory)Shaders\INCShadowmap.hlsli">
      <Filter>Shaders</Filter>
    </None>
  </ItemGroup>
  <ItemGroup>
    <FxCompile Include="$(MSBuildThisFileDirectory)Shaders\BcPSPNTPL.hlsl">
      <Filter>Shaders</Filter>
    </FxCompile>
    <FxCompile Include="$(MSBuildThisFileDirectory)Shaders\BcPSPNTPLShadow.hlsl">
      <Filter>Shaders</Filter>
    </FxCompile>
    <FxCompile Include="$(MSBuildThisFileDirectory)Shaders\BcVSPNTStaticPL.hlsl">
      <Filter>Shaders</Filter>
    </FxCompile>
    <FxCompile Include="$(MSBuildThisFileDirectory)Shaders\BcVSPNTStaticPLShadow.hlsl">
      <Filter>Shaders</Filter>
    </FxCompile>
    <FxCompile Include="$(MSBuildThisFileDirectory)Shaders\VSShadowmap.hlsl">
      <Filter>Shaders</Filter>
    </FxCompile>
  </ItemGroup>
</Project>