<?xml version="1.0" encoding="utf-8"?>
<Project ToolsVersion="4.0" xmlns="http://schemas.microsoft.com/developer/msbuild/2003">
  <ItemGroup>
    <Filter Include="Basic">
      <UniqueIdentifier>{42a830fb-b092-4db4-95f1-9330279ae42d}</UniqueIdentifier>
    </Filter>
    <Filter Include="Basic\Headers">
      <UniqueIdentifier>{c0da7cc0-c3de-47af-ba9e-d2d51b17a3ff}</UniqueIdentifier>
    </Filter>
    <Filter Include="Basic\Sources">
      <UniqueIdentifier>{7f7fdd4d-b11f-4e51-892e-b89f2dc1612d}</UniqueIdentifier>
    </Filter>
    <Filter Include="Standerd">
      <UniqueIdentifier>{2419c504-6612-48b3-870a-6cd33d25b26d}</UniqueIdentifier>
    </Filter>
    <Filter Include="Shaders">
      <UniqueIdentifier>{439146e5-2989-429d-b233-7accd7b00ebe}</UniqueIdentifier>
    </Filter>
    <Filter Include="Standerd\Objects">
      <UniqueIdentifier>{1bbc4f4b-7286-4465-b703-ff1f8e13675a}</UniqueIdentifier>
    </Filter>
    <Filter Include="Standerd\Objects\Headers">
      <UniqueIdentifier>{50a25d62-d9c7-431d-9184-55c55e21d4d1}</UniqueIdentifier>
    </Filter>
    <Filter Include="Standerd\Objects\Sources">
      <UniqueIdentifier>{29ff2083-04de-4e79-ae52-1c78570e6cca}</UniqueIdentifier>
    </Filter>
    <Filter Include="Standerd\Components">
      <UniqueIdentifier>{3862dbe3-9991-47d7-a50a-6b16da8867ee}</UniqueIdentifier>
    </Filter>
    <Filter Include="Standerd\Components\Headers">
      <UniqueIdentifier>{2f3e4fca-cc6d-4a85-9670-d8575127cad9}</UniqueIdentifier>
    </Filter>
    <Filter Include="Standerd\Components\Sources">
      <UniqueIdentifier>{6ed06b36-3cf6-44c1-b29d-2ba7c2313856}</UniqueIdentifier>
    </Filter>
  </ItemGroup>
  <ItemGroup>
    <ClInclude Include="$(MSBuildThisFileDirectory)BaseCommon.h" />
    <ClInclude Include="$(MSBuildThisFileDirectory)Basic\App.h">
      <Filter>Basic\Headers</Filter>
    </ClInclude>
    <ClInclude Include="$(MSBuildThisFileDirectory)Basic\BaseDevice.h">
      <Filter>Basic\Headers</Filter>
    </ClInclude>
    <ClInclude Include="$(MSBuildThisFileDirectory)Basic\targetver.h">
      <Filter>Basic\Headers</Filter>
    </ClInclude>
    <ClInclude Include="$(MSBuildThisFileDirectory)Basic\BaseHelper.h">
      <Filter>Basic\Headers</Filter>
    </ClInclude>
    <ClInclude Include="$(MSBuildThisFileDirectory)Basic\BaseScene.h">
      <Filter>Basic\Headers</Filter>
    </ClInclude>
    <ClInclude Include="$(MSBuildThisFileDirectory)Basic\BaseMath.h">
      <Filter>Basic\Headers</Filter>
    </ClInclude>
    <ClInclude Include="$(MSBuildThisFileDirectory)Basic\BaseMathInc.h">
      <Filter>Basic\Headers</Filter>
    </ClInclude>
    <ClInclude Include="$(MSBuildThisFileDirectory)Basic\BaseMesh.h">
      <Filter>Basic\Headers</Filter>
    </ClInclude>
    <ClInclude Include="$(MSBuildThisFileDirectory)Basic\BaseTexture.h">
      <Filter>Basic\Headers</Filter>
    </ClInclude>
    <ClInclude Include="$(MSBuildThisFileDirectory)Basic\VertexHelper.h">
      <Filter>Basic\Headers</Filter>
    </ClInclude>
    <ClInclude Include="$(MSBuildThisFileDirectory)Basic\MeshHelper.h">
      <Filter>Basic\Headers</Filter>
    </ClInclude>
    <ClInclude Include="$(MSBuildThisFileDirectory)Basic\BaseFrame.h">
      <Filter>Basic\Headers</Filter>
    </ClInclude>
    <ClInclude Include="$(MSBuildThisFileDirectory)Basic\BaseCamera.h">
      <Filter>Basic\Headers</Filter>
    </ClInclude>
    <ClInclude Include="$(MSBuildThisFileDirectory)Basic\BaseLight.h">
      <Filter>Basic\Headers</Filter>
    </ClInclude>
    <ClInclude Include="$(MSBuildThisFileDirectory)Basic\BaseTimer.h">
      <Filter>Basic\Headers</Filter>
    </ClInclude>
    <ClInclude Include="$(MSBuildThisFileDirectory)Standerd\Components\BcStaticRender.h">
      <Filter>Standerd\Components\Headers</Filter>
    </ClInclude>
    <ClInclude Include="$(MSBuildThisFileDirectory)Standerd\Components\Component.h">
      <Filter>Standerd\Components\Headers</Filter>
    </ClInclude>
    <ClInclude Include="$(MSBuildThisFileDirectory)Standerd\Components\Transform.h">
      <Filter>Standerd\Components\Headers</Filter>
    </ClInclude>
    <ClInclude Include="$(MSBuildThisFileDirectory)Standerd\Components\Velocity.h">
      <Filter>Standerd\Components\Headers</Filter>
    </ClInclude>
    <ClInclude Include="$(MSBuildThisFileDirectory)Standerd\Objects\GameObject.h">
      <Filter>Standerd\Objects\Headers</Filter>
    </ClInclude>
    <ClInclude Include="$(MSBuildThisFileDirectory)Standerd\Objects\Stage.h">
      <Filter>Standerd\Objects\Headers</Filter>
    </ClInclude>
    <ClInclude Include="$(MSBuildThisFileDirectory)Basic\d3dx12.h">
      <Filter>Basic\Headers</Filter>
    </ClInclude>
    <ClInclude Include="$(MSBuildThisFileDirectory)Standerd\Components\Collision.h">
      <Filter>Standerd\Components\Headers</Filter>
    </ClInclude>
    <ClInclude Include="$(MSBuildThisFileDirectory)Basic\TransHelper.h">
      <Filter>Basic\Headers</Filter>
    </ClInclude>
    <ClInclude Include="$(MSBuildThisFileDirectory)Standerd\Components\SpSpriteRender.h">
      <Filter>Standerd\Components\Headers</Filter>
    </ClInclude>
    <ClInclude Include="$(MSBuildThisFileDirectory)Basic\BaseRenderState.h">
      <Filter>Basic\Headers</Filter>
    </ClInclude>
    <ClInclude Include="$(MSBuildThisFileDirectory)Standerd\Components\SpStaticRender.h">
      <Filter>Standerd\Components\Headers</Filter>
    </ClInclude>
  </ItemGroup>
  <ItemGroup>
    <ClCompile Include="$(MSBuildThisFileDirectory)Basic\BaseDevice.cpp">
      <Filter>Basic\Sources</Filter>
    </ClCompile>
    <ClCompile Include="$(MSBuildThisFileDirectory)Basic\App.cpp">
      <Filter>Basic\Sources</Filter>
    </ClCompile>
    <ClCompile Include="$(MSBuildThisFileDirectory)Basic\BaseScene.cpp">
      <Filter>Basic\Sources</Filter>
    </ClCompile>
    <ClCompile Include="$(MSBuildThisFileDirectory)Basic\BaseHelper.cpp">
      <Filter>Basic\Sources</Filter>
    </ClCompile>
    <ClCompile Include="$(MSBuildThisFileDirectory)Basic\BaseTexture.cpp">
      <Filter>Basic\Sources</Filter>
    </ClCompile>
    <ClCompile Include="$(MSBuildThisFileDirectory)Basic\VertexHelper.cpp">
      <Filter>Basic\Sources</Filter>
    </ClCompile>
    <ClCompile Include="$(MSBuildThisFileDirectory)Basic\MeshHelper.cpp">
      <Filter>Basic\Sources</Filter>
    </ClCompile>
    <ClCompile Include="$(MSBuildThisFileDirectory)Basic\BaseFrame.cpp">
      <Filter>Basic\Sources</Filter>
    </ClCompile>
    <ClCompile Include="$(MSBuildThisFileDirectory)Basic\BaseCamera.cpp">
      <Filter>Basic\Sources</Filter>
    </ClCompile>
    <ClCompile Include="$(MSBuildThisFileDirectory)Basic\BaseLight.cpp">
      <Filter>Basic\Sources</Filter>
    </ClCompile>
    <ClCompile Include="$(MSBuildThisFileDirectory)Standerd\Components\BcStaticRender.cpp">
      <Filter>Standerd\Components\Sources</Filter>
    </ClCompile>
    <ClCompile Include="$(MSBuildThisFileDirectory)Standerd\Components\Component.cpp">
      <Filter>Standerd\Components\Sources</Filter>
    </ClCompile>
    <ClCompile Include="$(MSBuildThisFileDirectory)Standerd\Components\Transform.cpp">
      <Filter>Standerd\Components\Sources</Filter>
    </ClCompile>
    <ClCompile Include="$(MSBuildThisFileDirectory)Standerd\Components\Velocity.cpp">
      <Filter>Standerd\Components\Sources</Filter>
    </ClCompile>
    <ClCompile Include="$(MSBuildThisFileDirectory)Standerd\Objects\GameObject.cpp">
      <Filter>Standerd\Objects\Sources</Filter>
    </ClCompile>
    <ClCompile Include="$(MSBuildThisFileDirectory)Standerd\Objects\Stage.cpp">
      <Filter>Standerd\Objects\Sources</Filter>
    </ClCompile>
    <ClCompile Include="$(MSBuildThisFileDirectory)Standerd\Components\Collision.cpp">
      <Filter>Standerd\Components\Sources</Filter>
    </ClCompile>
    <ClCompile Include="$(MSBuildThisFileDirectory)Standerd\Components\SpSpriteRender.cpp">
      <Filter>Standerd\Components\Sources</Filter>
    </ClCompile>
    <ClCompile Include="$(MSBuildThisFileDirectory)Basic\BaseRenderState.cpp">
      <Filter>Basic\Sources</Filter>
    </ClCompile>
    <ClCompile Include="$(MSBuildThisFileDirectory)Standerd\Components\SpStaticRender.cpp">
      <Filter>Standerd\Components\Sources</Filter>
    </ClCompile>
    <ClCompile Include="$(MSBuildThisFileDirectory)Basic\BaseMesh.cpp">
      <Filter>Basic\Sources</Filter>
    </ClCompile>
  </ItemGroup>
  <ItemGroup>
    <None Include="$(MSBuildThisFileDirectory)Shaders\BcINCCommon.hlsli">
      <Filter>Shaders</Filter>
    </None>
    <None Include="$(MSBuildThisFileDirectory)Shaders\BcINCLighting.hlsli">
      <Filter>Shaders</Filter>
    </None>
    <None Include="$(MSBuildThisFileDirectory)Shaders\BcINCConstant.hlsli">
      <Filter>Shaders</Filter>
    </None>
    <None Include="$(MSBuildThisFileDirectory)Shaders\BcINCShadow.hlsli">
      <Filter>Shaders</Filter>
    </None>
    <None Include="$(MSBuildThisFileDirectory)Shaders\BcINCStructs.hlsli">
      <Filter>Shaders</Filter>
    </None>
    <None Include="$(MSBuildThisFileDirectory)Shaders\INCStructs.hlsli">
      <Filter>Shaders</Filter>
    </None>
    <None Include="$(MSBuildThisFileDirectory)Shaders\SpINC2dConstant.hlsli">
      <Filter>Shaders</Filter>
    </None>
    <None Include="$(MSBuildThisFileDirectory)Shaders\SpINCConstant.hlsli">
      <Filter>Shaders</Filter>
    </None>
    <None Include="$(MSBuildThisFileDirectory)Shaders\INCShadowmap.hlsli">
      <Filter>Shaders</Filter>
    </None>
  </ItemGroup>
  <ItemGroup>
    <FxCompile Include="$(MSBuildThisFileDirectory)Shaders\BcPSPNTPL.hlsl">
      <Filter>Shaders</Filter>
    </FxCompile>
    <FxCompile Include="$(MSBuildThisFileDirectory)Shaders\BcVSPNTStaticPL.hlsl">
      <Filter>Shaders</Filter>
    </FxCompile>
    <FxCompile Include="$(MSBuildThisFileDirectory)Shaders\SpVSPCSprite.hlsl">
      <Filter>Shaders</Filter>
    </FxCompile>
    <FxCompile Include="$(MSBuildThisFileDirectory)Shaders\SpPSPCSprite.hlsl">
      <Filter>Shaders</Filter>
    </FxCompile>
    <FxCompile Include="$(MSBuildThisFileDirectory)Shaders\SpVSPTSprite.hlsl">
      <Filter>Shaders</Filter>
    </FxCompile>
    <FxCompile Include="$(MSBuildThisFileDirectory)Shaders\SpPSPTSprite.hlsl">
      <Filter>Shaders</Filter>
    </FxCompile>
    <FxCompile Include="$(MSBuildThisFileDirectory)Shaders\SpVSPCTSprite.hlsl">
      <Filter>Shaders</Filter>
    </FxCompile>
    <FxCompile Include="$(MSBuildThisFileDirectory)Shaders\SpPSPCTSprite.hlsl">
      <Filter>Shaders</Filter>
    </FxCompile>
    <FxCompile Include="$(MSBuildThisFileDirectory)Shaders\SpVSPCStatic.hlsl">
      <Filter>Shaders</Filter>
    </FxCompile>
    <FxCompile Include="$(MSBuildThisFileDirectory)Shaders\SpPSPCStatic.hlsl">
      <Filter>Shaders</Filter>
    </FxCompile>
    <FxCompile Include="$(MSBuildThisFileDirectory)Shaders\SpVSPTStatic.hlsl">
      <Filter>Shaders</Filter>
    </FxCompile>
    <FxCompile Include="$(MSBuildThisFileDirectory)Shaders\SpPSPTStatic.hlsl">
      <Filter>Shaders</Filter>
    </FxCompile>
    <FxCompile Include="$(MSBuildThisFileDirectory)Shaders\SpVSPNStatic.hlsl">
      <Filter>Shaders</Filter>
    </FxCompile>
    <FxCompile Include="$(MSBuildThisFileDirectory)Shaders\SpPSPNStatic.hlsl">
      <Filter>Shaders</Filter>
    </FxCompile>
    <FxCompile Include="$(MSBuildThisFileDirectory)Shaders\SpVSPCTStatic.hlsl">
      <Filter>Shaders</Filter>
    </FxCompile>
    <FxCompile Include="$(MSBuildThisFileDirectory)Shaders\SpPSPCTStatic.hlsl">
      <Filter>Shaders</Filter>
    </FxCompile>
    <FxCompile Include="$(MSBuildThisFileDirectory)Shaders\SpVSPNTStatic.hlsl">
      <Filter>Shaders</Filter>
    </FxCompile>
    <FxCompile Include="$(MSBuildThisFileDirectory)Shaders\SpPSPNTStatic.hlsl">
      <Filter>Shaders</Filter>
    </FxCompile>
    <FxCompile Include="$(MSBuildThisFileDirectory)Shaders\VSShadowmap.hlsl">
      <Filter>Shaders</Filter>
    </FxCompile>
  </ItemGroup>
</Project>