<?xml version="1.0" encoding="utf-8"?>
<Project ToolsVersion="4.0" xmlns="http://schemas.microsoft.com/developer/msbuild/2003">
  <ItemGroup>
    <Filter Include="Basic">
      <UniqueIdentifier>{42a830fb-b092-4db4-95f1-9330279ae42d}</UniqueIdentifier>
    </Filter>
    <Filter Include="Basic\Headers">
      <UniqueIdentifier>{c0da7cc0-c3de-47af-ba9e-d2d51b17a3ff}</UniqueIdentifier>
    </Filter>
    <Filter Include="Basic\Sources">
      <UniqueIdentifier>{7f7fdd4d-b11f-4e51-892e-b89f2dc1612d}</UniqueIdentifier>
    </Filter>
    <Filter Include="Standerd">
      <UniqueIdentifier>{2419c504-6612-48b3-870a-6cd33d25b26d}</UniqueIdentifier>
    </Filter>
    <Filter Include="Shaders">
      <UniqueIdentifier>{439146e5-2989-429d-b233-7accd7b00ebe}</UniqueIdentifier>
    </Filter>
    <Filter Include="Standerd\Objects">
      <UniqueIdentifier>{1bbc4f4b-7286-4465-b703-ff1f8e13675a}</UniqueIdentifier>
    </Filter>
    <Filter Include="Standerd\Objects\Headers">
      <UniqueIdentifier>{50a25d62-d9c7-431d-9184-55c55e21d4d1}</UniqueIdentifier>
    </Filter>
    <Filter Include="Standerd\Objects\Sources">
      <UniqueIdentifier>{29ff2083-04de-4e79-ae52-1c78570e6cca}</UniqueIdentifier>
    </Filter>
    <Filter Include="Standerd\Components">
      <UniqueIdentifier>{3862dbe3-9991-47d7-a50a-6b16da8867ee}</UniqueIdentifier>
    </Filter>
    <Filter Include="Standerd\Components\Headers">
      <UniqueIdentifier>{2f3e4fca-cc6d-4a85-9670-d8575127cad9}</UniqueIdentifier>
    </Filter>
    <Filter Include="Standerd\Components\Sources">
      <UniqueIdentifier>{6ed06b36-3cf6-44c1-b29d-2ba7c2313856}</UniqueIdentifier>
    </Filter>
    <Filter Include="Basic\Extra">
      <UniqueIdentifier>{21c00631-b900-49f6-bb28-5521f4efe302}</UniqueIdentifier>
    </Filter>
    <Filter Include="Basic\Extra\physics_effects">
      <UniqueIdentifier>{30e67a9d-6943-4a33-abaa-d89b2051b068}</UniqueIdentifier>
    </Filter>
    <Filter Include="Basic\Extra\physics_effects\Headers">
      <UniqueIdentifier>{05d435c7-ae05-42f7-8f68-82fcf31763c0}</UniqueIdentifier>
    </Filter>
    <Filter Include="Basic\Extra\physics_effects\Headers\base_level">
      <UniqueIdentifier>{9e023c72-828b-4175-9d16-092557f719f2}</UniqueIdentifier>
    </Filter>
    <Filter Include="Basic\Extra\physics_effects\Headers\base_level\base">
      <UniqueIdentifier>{f09f7af2-dc05-4f8e-a1ae-48ec9fc5f37a}</UniqueIdentifier>
    </Filter>
    <Filter Include="Basic\Extra\physics_effects\Headers\base_level\broadphase">
      <UniqueIdentifier>{e8691986-cb56-4c01-87b4-ff9fa398b75e}</UniqueIdentifier>
    </Filter>
    <Filter Include="Basic\Extra\physics_effects\Headers\base_level\collision">
      <UniqueIdentifier>{fb04f335-cb76-46a0-ba8c-0bfcc87cc4f3}</UniqueIdentifier>
    </Filter>
    <Filter Include="Basic\Extra\physics_effects\Headers\base_level\rigidbody">
      <UniqueIdentifier>{d9abe7e8-54fe-4632-ba47-037a7622678d}</UniqueIdentifier>
    </Filter>
    <Filter Include="Basic\Extra\physics_effects\Headers\base_level\solver">
      <UniqueIdentifier>{ac9976cc-9df5-4b78-9b1a-d78061e9f947}</UniqueIdentifier>
    </Filter>
    <Filter Include="Basic\Extra\physics_effects\Headers\base_level\sort">
      <UniqueIdentifier>{3a14e848-03e5-4673-9189-02534c515dc2}</UniqueIdentifier>
    </Filter>
    <Filter Include="Basic\Extra\physics_effects\Headers\low_level">
      <UniqueIdentifier>{c966fdee-c330-4f96-b25c-9bb26be29aeb}</UniqueIdentifier>
    </Filter>
    <Filter Include="Basic\Extra\physics_effects\Headers\low_level\broadphase">
      <UniqueIdentifier>{4e0ae846-e70f-42e1-9699-8764305cd93c}</UniqueIdentifier>
    </Filter>
    <Filter Include="Basic\Extra\physics_effects\Headers\low_level\collision">
      <UniqueIdentifier>{89b10162-e6f5-4fe5-ae25-c1a7af1634b4}</UniqueIdentifier>
    </Filter>
    <Filter Include="Basic\Extra\physics_effects\Headers\low_level\solver">
      <UniqueIdentifier>{bfe85baa-5be4-4c04-9159-7a777e7dd4b9}</UniqueIdentifier>
    </Filter>
    <Filter Include="Basic\Extra\physics_effects\Headers\low_level\task">
      <UniqueIdentifier>{56586f52-07ac-47a6-8d97-b8be4a965dc8}</UniqueIdentifier>
    </Filter>
    <Filter Include="Basic\Extra\physics_effects\Headers\util">
      <UniqueIdentifier>{47d3546c-28c6-4fb8-83f2-818695333477}</UniqueIdentifier>
    </Filter>
    <Filter Include="Basic\Extra\physics_effects\Sources">
      <UniqueIdentifier>{35da9297-2577-48a3-97b7-58952f5c9ae2}</UniqueIdentifier>
    </Filter>
    <Filter Include="Basic\Extra\physics_effects\Sources\base_level">
      <UniqueIdentifier>{a413e118-b13e-496c-b597-5227106534c2}</UniqueIdentifier>
    </Filter>
    <Filter Include="Basic\Extra\physics_effects\Sources\base_level\broadphase">
      <UniqueIdentifier>{8db0fbaa-d72d-4bf7-9bd1-3a4cf37523f1}</UniqueIdentifier>
    </Filter>
    <Filter Include="Basic\Extra\physics_effects\Sources\base_level\collision">
      <UniqueIdentifier>{50051b88-fc70-4e14-82c9-72d14a1a4e61}</UniqueIdentifier>
    </Filter>
    <Filter Include="Basic\Extra\physics_effects\Sources\base_level\solver">
      <UniqueIdentifier>{1139325f-8839-4737-9394-907e701c9fc1}</UniqueIdentifier>
    </Filter>
    <Filter Include="Basic\Extra\physics_effects\Sources\base_level\sort">
      <UniqueIdentifier>{ba3f8c24-0c79-4441-8fd2-4658805fbd6d}</UniqueIdentifier>
    </Filter>
    <Filter Include="Basic\Extra\physics_effects\Sources\low_level">
      <UniqueIdentifier>{ba230959-bcb4-4f12-bd06-9201b888edad}</UniqueIdentifier>
    </Filter>
    <Filter Include="Basic\Extra\physics_effects\Sources\low_level\broadphase">
      <UniqueIdentifier>{c3654fb8-a798-4fe5-9b6b-ce2fec3c85c8}</UniqueIdentifier>
    </Filter>
    <Filter Include="Basic\Extra\physics_effects\Sources\low_level\collision">
      <UniqueIdentifier>{8ce34f67-53ef-4d87-88f7-7449d34b30e2}</UniqueIdentifier>
    </Filter>
    <Filter Include="Basic\Extra\physics_effects\Sources\low_level\solver">
      <UniqueIdentifier>{4a1efe01-eca7-448a-9e67-ea195da3751a}</UniqueIdentifier>
    </Filter>
    <Filter Include="Basic\Extra\physics_effects\Sources\util">
      <UniqueIdentifier>{7732a010-58a7-4fe1-ac3c-d58aa3ce2619}</UniqueIdentifier>
    </Filter>
    <Filter Include="Basic\Extra\vectormath">
      <UniqueIdentifier>{5e06b6c7-0a7e-40d1-b94b-cc62b6c42580}</UniqueIdentifier>
    </Filter>
  </ItemGroup>
  <ItemGroup>
    <ClInclude Include="$(MSBuildThisFileDirectory)BaseCommon.h" />
    <ClInclude Include="$(MSBuildThisFileDirectory)Basic\App.h">
      <Filter>Basic\Headers</Filter>
    </ClInclude>
    <ClInclude Include="$(MSBuildThisFileDirectory)Basic\BaseDevice.h">
      <Filter>Basic\Headers</Filter>
    </ClInclude>
    <ClInclude Include="$(MSBuildThisFileDirectory)Basic\targetver.h">
      <Filter>Basic\Headers</Filter>
    </ClInclude>
    <ClInclude Include="$(MSBuildThisFileDirectory)Basic\BaseHelper.h">
      <Filter>Basic\Headers</Filter>
    </ClInclude>
    <ClInclude Include="$(MSBuildThisFileDirectory)Basic\BaseScene.h">
      <Filter>Basic\Headers</Filter>
    </ClInclude>
    <ClInclude Include="$(MSBuildThisFileDirectory)Basic\BaseMath.h">
      <Filter>Basic\Headers</Filter>
    </ClInclude>
    <ClInclude Include="$(MSBuildThisFileDirectory)Basic\BaseMathInc.h">
      <Filter>Basic\Headers</Filter>
    </ClInclude>
    <ClInclude Include="$(MSBuildThisFileDirectory)Basic\VertexHelper.h">
      <Filter>Basic\Headers</Filter>
    </ClInclude>
    <ClInclude Include="$(MSBuildThisFileDirectory)Basic\MeshHelper.h">
      <Filter>Basic\Headers</Filter>
    </ClInclude>
    <ClInclude Include="$(MSBuildThisFileDirectory)Basic\BaseCamera.h">
      <Filter>Basic\Headers</Filter>
    </ClInclude>
    <ClInclude Include="$(MSBuildThisFileDirectory)Basic\BaseLight.h">
      <Filter>Basic\Headers</Filter>
    </ClInclude>
    <ClInclude Include="$(MSBuildThisFileDirectory)Basic\BaseTimer.h">
      <Filter>Basic\Headers</Filter>
    </ClInclude>
    <ClInclude Include="$(MSBuildThisFileDirectory)Standerd\Components\Component.h">
      <Filter>Standerd\Components\Headers</Filter>
    </ClInclude>
    <ClInclude Include="$(MSBuildThisFileDirectory)Standerd\Components\Transform.h">
      <Filter>Standerd\Components\Headers</Filter>
    </ClInclude>
    <ClInclude Include="$(MSBuildThisFileDirectory)Standerd\Objects\GameObject.h">
      <Filter>Standerd\Objects\Headers</Filter>
    </ClInclude>
    <ClInclude Include="$(MSBuildThisFileDirectory)Standerd\Objects\Stage.h">
      <Filter>Standerd\Objects\Headers</Filter>
    </ClInclude>
    <ClInclude Include="$(MSBuildThisFileDirectory)Basic\d3dx12.h">
      <Filter>Basic\Headers</Filter>
    </ClInclude>
    <ClInclude Include="$(MSBuildThisFileDirectory)Standerd\Components\Collision.h">
      <Filter>Standerd\Components\Headers</Filter>
    </ClInclude>
    <ClInclude Include="$(MSBuildThisFileDirectory)Basic\TransHelper.h">
      <Filter>Basic\Headers</Filter>
    </ClInclude>
    <ClInclude Include="$(MSBuildThisFileDirectory)Standerd\Objects\CollisionManager.h">
      <Filter>Standerd\Objects\Headers</Filter>
    </ClInclude>
    <ClInclude Include="$(MSBuildThisFileDirectory)Standerd\Components\Gravity.h">
      <Filter>Standerd\Components\Headers</Filter>
    </ClInclude>
    <ClInclude Include="$(MSBuildThisFileDirectory)Basic\InputDevice.h">
      <Filter>Basic\Headers</Filter>
    </ClInclude>
    <ClInclude Include="$(MSBuildThisFileDirectory)Basic\physics_effects\include\physics_effects\base_level\base\pfx_common.h">
      <Filter>Basic\Extra\physics_effects\Headers\base_level\base</Filter>
    </ClInclude>
    <ClInclude Include="$(MSBuildThisFileDirectory)Basic\physics_effects\include\physics_effects\base_level\base\pfx_error_code.h">
      <Filter>Basic\Extra\physics_effects\Headers\base_level\base</Filter>
    </ClInclude>
    <ClInclude Include="$(MSBuildThisFileDirectory)Basic\physics_effects\include\physics_effects\base_level\base\pfx_heap_manager.h">
      <Filter>Basic\Extra\physics_effects\Headers\base_level\base</Filter>
    </ClInclude>
    <ClInclude Include="$(MSBuildThisFileDirectory)Basic\physics_effects\include\physics_effects\base_level\base\pfx_perf_counter.h">
      <Filter>Basic\Extra\physics_effects\Headers\base_level\base</Filter>
    </ClInclude>
    <ClInclude Include="$(MSBuildThisFileDirectory)Basic\physics_effects\include\physics_effects\base_level\base\pfx_vec_int3.h">
      <Filter>Basic\Extra\physics_effects\Headers\base_level\base</Filter>
    </ClInclude>
    <ClInclude Include="$(MSBuildThisFileDirectory)Basic\physics_effects\include\physics_effects\base_level\base\pfx_vec_utils.h">
      <Filter>Basic\Extra\physics_effects\Headers\base_level\base</Filter>
    </ClInclude>
    <ClInclude Include="$(MSBuildThisFileDirectory)Basic\physics_effects\include\physics_effects\base_level\base\pfx_vectormath_include.win32.h">
      <Filter>Basic\Extra\physics_effects\Headers\base_level\base</Filter>
    </ClInclude>
    <ClInclude Include="$(MSBuildThisFileDirectory)Basic\physics_effects\include\physics_effects\base_level\broadphase\pfx_broadphase_pair.h">
      <Filter>Basic\Extra\physics_effects\Headers\base_level\broadphase</Filter>
    </ClInclude>
    <ClInclude Include="$(MSBuildThisFileDirectory)Basic\physics_effects\include\physics_effects\base_level\broadphase\pfx_broadphase_proxy.h">
      <Filter>Basic\Extra\physics_effects\Headers\base_level\broadphase</Filter>
    </ClInclude>
    <ClInclude Include="$(MSBuildThisFileDirectory)Basic\physics_effects\include\physics_effects\base_level\broadphase\pfx_update_broadphase_proxy.h">
      <Filter>Basic\Extra\physics_effects\Headers\base_level\broadphase</Filter>
    </ClInclude>
    <ClInclude Include="$(MSBuildThisFileDirectory)Basic\physics_effects\include\physics_effects\base_level\collision\pfx_aabb.h">
      <Filter>Basic\Extra\physics_effects\Headers\base_level\collision</Filter>
    </ClInclude>
    <ClInclude Include="$(MSBuildThisFileDirectory)Basic\physics_effects\include\physics_effects\base_level\collision\pfx_box.h">
      <Filter>Basic\Extra\physics_effects\Headers\base_level\collision</Filter>
    </ClInclude>
    <ClInclude Include="$(MSBuildThisFileDirectory)Basic\physics_effects\include\physics_effects\base_level\collision\pfx_capsule.h">
      <Filter>Basic\Extra\physics_effects\Headers\base_level\collision</Filter>
    </ClInclude>
    <ClInclude Include="$(MSBuildThisFileDirectory)Basic\physics_effects\include\physics_effects\base_level\collision\pfx_collidable.h">
      <Filter>Basic\Extra\physics_effects\Headers\base_level\collision</Filter>
    </ClInclude>
    <ClInclude Include="$(MSBuildThisFileDirectory)Basic\physics_effects\include\physics_effects\base_level\collision\pfx_collidable_implementation.h">
      <Filter>Basic\Extra\physics_effects\Headers\base_level\collision</Filter>
    </ClInclude>
    <ClInclude Include="$(MSBuildThisFileDirectory)Basic\physics_effects\include\physics_effects\base_level\collision\pfx_contact_manifold.h">
      <Filter>Basic\Extra\physics_effects\Headers\base_level\collision</Filter>
    </ClInclude>
    <ClInclude Include="$(MSBuildThisFileDirectory)Basic\physics_effects\include\physics_effects\base_level\collision\pfx_cylinder.h">
      <Filter>Basic\Extra\physics_effects\Headers\base_level\collision</Filter>
    </ClInclude>
    <ClInclude Include="$(MSBuildThisFileDirectory)Basic\physics_effects\include\physics_effects\base_level\collision\pfx_large_tri_mesh.h">
      <Filter>Basic\Extra\physics_effects\Headers\base_level\collision</Filter>
    </ClInclude>
    <ClInclude Include="$(MSBuildThisFileDirectory)Basic\physics_effects\include\physics_effects\base_level\collision\pfx_ray.h">
      <Filter>Basic\Extra\physics_effects\Headers\base_level\collision</Filter>
    </ClInclude>
    <ClInclude Include="$(MSBuildThisFileDirectory)Basic\physics_effects\include\physics_effects\base_level\collision\pfx_shape.h">
      <Filter>Basic\Extra\physics_effects\Headers\base_level\collision</Filter>
    </ClInclude>
    <ClInclude Include="$(MSBuildThisFileDirectory)Basic\physics_effects\include\physics_effects\base_level\collision\pfx_shape_implementation.h">
      <Filter>Basic\Extra\physics_effects\Headers\base_level\collision</Filter>
    </ClInclude>
    <ClInclude Include="$(MSBuildThisFileDirectory)Basic\physics_effects\include\physics_effects\base_level\collision\pfx_shape_iterator.h">
      <Filter>Basic\Extra\physics_effects\Headers\base_level\collision</Filter>
    </ClInclude>
    <ClInclude Include="$(MSBuildThisFileDirectory)Basic\physics_effects\include\physics_effects\base_level\collision\pfx_sphere.h">
      <Filter>Basic\Extra\physics_effects\Headers\base_level\collision</Filter>
    </ClInclude>
    <ClInclude Include="$(MSBuildThisFileDirectory)Basic\physics_effects\include\physics_effects\base_level\collision\pfx_sub_data.h">
      <Filter>Basic\Extra\physics_effects\Headers\base_level\collision</Filter>
    </ClInclude>
    <ClInclude Include="$(MSBuildThisFileDirectory)Basic\physics_effects\include\physics_effects\base_level\collision\pfx_tri_mesh.h">
      <Filter>Basic\Extra\physics_effects\Headers\base_level\collision</Filter>
    </ClInclude>
    <ClInclude Include="$(MSBuildThisFileDirectory)Basic\physics_effects\include\physics_effects\base_level\rigidbody\pfx_rigid_body.h">
      <Filter>Basic\Extra\physics_effects\Headers\base_level\rigidbody</Filter>
    </ClInclude>
    <ClInclude Include="$(MSBuildThisFileDirectory)Basic\physics_effects\include\physics_effects\base_level\rigidbody\pfx_rigid_state.h">
      <Filter>Basic\Extra\physics_effects\Headers\base_level\rigidbody</Filter>
    </ClInclude>
    <ClInclude Include="$(MSBuildThisFileDirectory)Basic\physics_effects\include\physics_effects\base_level\solver\pfx_constraint_pair.h">
      <Filter>Basic\Extra\physics_effects\Headers\base_level\solver</Filter>
    </ClInclude>
    <ClInclude Include="$(MSBuildThisFileDirectory)Basic\physics_effects\include\physics_effects\base_level\solver\pfx_constraint_row.h">
      <Filter>Basic\Extra\physics_effects\Headers\base_level\solver</Filter>
    </ClInclude>
    <ClInclude Include="$(MSBuildThisFileDirectory)Basic\physics_effects\include\physics_effects\base_level\solver\pfx_contact_constraint.h">
      <Filter>Basic\Extra\physics_effects\Headers\base_level\solver</Filter>
    </ClInclude>
    <ClInclude Include="$(MSBuildThisFileDirectory)Basic\physics_effects\include\physics_effects\base_level\solver\pfx_integrate.h">
      <Filter>Basic\Extra\physics_effects\Headers\base_level\solver</Filter>
    </ClInclude>
    <ClInclude Include="$(MSBuildThisFileDirectory)Basic\physics_effects\include\physics_effects\base_level\solver\pfx_joint.h">
      <Filter>Basic\Extra\physics_effects\Headers\base_level\solver</Filter>
    </ClInclude>
    <ClInclude Include="$(MSBuildThisFileDirectory)Basic\physics_effects\include\physics_effects\base_level\solver\pfx_joint_ball.h">
      <Filter>Basic\Extra\physics_effects\Headers\base_level\solver</Filter>
    </ClInclude>
    <ClInclude Include="$(MSBuildThisFileDirectory)Basic\physics_effects\include\physics_effects\base_level\solver\pfx_joint_constraint.h">
      <Filter>Basic\Extra\physics_effects\Headers\base_level\solver</Filter>
    </ClInclude>
    <ClInclude Include="$(MSBuildThisFileDirectory)Basic\physics_effects\include\physics_effects\base_level\solver\pfx_joint_fix.h">
      <Filter>Basic\Extra\physics_effects\Headers\base_level\solver</Filter>
    </ClInclude>
    <ClInclude Include="$(MSBuildThisFileDirectory)Basic\physics_effects\include\physics_effects\base_level\solver\pfx_joint_hinge.h">
      <Filter>Basic\Extra\physics_effects\Headers\base_level\solver</Filter>
    </ClInclude>
    <ClInclude Include="$(MSBuildThisFileDirectory)Basic\physics_effects\include\physics_effects\base_level\solver\pfx_joint_slider.h">
      <Filter>Basic\Extra\physics_effects\Headers\base_level\solver</Filter>
    </ClInclude>
    <ClInclude Include="$(MSBuildThisFileDirectory)Basic\physics_effects\include\physics_effects\base_level\solver\pfx_joint_swing_twist.h">
      <Filter>Basic\Extra\physics_effects\Headers\base_level\solver</Filter>
    </ClInclude>
    <ClInclude Include="$(MSBuildThisFileDirectory)Basic\physics_effects\include\physics_effects\base_level\solver\pfx_joint_universal.h">
      <Filter>Basic\Extra\physics_effects\Headers\base_level\solver</Filter>
    </ClInclude>
    <ClInclude Include="$(MSBuildThisFileDirectory)Basic\physics_effects\include\physics_effects\base_level\solver\pfx_solver_body.h">
      <Filter>Basic\Extra\physics_effects\Headers\base_level\solver</Filter>
    </ClInclude>
    <ClInclude Include="$(MSBuildThisFileDirectory)Basic\physics_effects\include\physics_effects\base_level\sort\pfx_sort.h">
      <Filter>Basic\Extra\physics_effects\Headers\base_level\sort</Filter>
    </ClInclude>
    <ClInclude Include="$(MSBuildThisFileDirectory)Basic\physics_effects\include\physics_effects\base_level\sort\pfx_sort_data.h">
      <Filter>Basic\Extra\physics_effects\Headers\base_level\sort</Filter>
    </ClInclude>
    <ClInclude Include="$(MSBuildThisFileDirectory)Basic\physics_effects\include\physics_effects\base_level\pfx_base_level_include.h">
      <Filter>Basic\Extra\physics_effects\Headers\base_level</Filter>
    </ClInclude>
    <ClInclude Include="$(MSBuildThisFileDirectory)Basic\physics_effects\include\physics_effects\low_level\broadphase\pfx_broadphase.h">
      <Filter>Basic\Extra\physics_effects\Headers\low_level\broadphase</Filter>
    </ClInclude>
    <ClInclude Include="$(MSBuildThisFileDirectory)Basic\physics_effects\include\physics_effects\low_level\collision\pfx_batched_ray_cast.h">
      <Filter>Basic\Extra\physics_effects\Headers\low_level\collision</Filter>
    </ClInclude>
    <ClInclude Include="$(MSBuildThisFileDirectory)Basic\physics_effects\include\physics_effects\low_level\collision\pfx_collision_detection.h">
      <Filter>Basic\Extra\physics_effects\Headers\low_level\collision</Filter>
    </ClInclude>
    <ClInclude Include="$(MSBuildThisFileDirectory)Basic\physics_effects\include\physics_effects\low_level\collision\pfx_island_generation.h">
      <Filter>Basic\Extra\physics_effects\Headers\low_level\collision</Filter>
    </ClInclude>
    <ClInclude Include="$(MSBuildThisFileDirectory)Basic\physics_effects\include\physics_effects\low_level\collision\pfx_ray_cast.h">
      <Filter>Basic\Extra\physics_effects\Headers\low_level\collision</Filter>
    </ClInclude>
    <ClInclude Include="$(MSBuildThisFileDirectory)Basic\physics_effects\include\physics_effects\low_level\collision\pfx_refresh_contacts.h">
      <Filter>Basic\Extra\physics_effects\Headers\low_level\collision</Filter>
    </ClInclude>
    <ClInclude Include="$(MSBuildThisFileDirectory)Basic\physics_effects\include\physics_effects\low_level\solver\pfx_constraint_solver.h">
      <Filter>Basic\Extra\physics_effects\Headers\low_level\solver</Filter>
    </ClInclude>
    <ClInclude Include="$(MSBuildThisFileDirectory)Basic\physics_effects\include\physics_effects\low_level\solver\pfx_joint_constraint_func.h">
      <Filter>Basic\Extra\physics_effects\Headers\low_level\solver</Filter>
    </ClInclude>
    <ClInclude Include="$(MSBuildThisFileDirectory)Basic\physics_effects\include\physics_effects\low_level\solver\pfx_update_rigid_states.h">
      <Filter>Basic\Extra\physics_effects\Headers\low_level\solver</Filter>
    </ClInclude>
    <ClInclude Include="$(MSBuildThisFileDirectory)Basic\physics_effects\include\physics_effects\low_level\task\pfx_sync_components.h">
      <Filter>Basic\Extra\physics_effects\Headers\low_level\task</Filter>
    </ClInclude>
    <ClInclude Include="$(MSBuildThisFileDirectory)Basic\physics_effects\include\physics_effects\low_level\task\pfx_task_manager.h">
      <Filter>Basic\Extra\physics_effects\Headers\low_level\task</Filter>
    </ClInclude>
    <ClInclude Include="$(MSBuildThisFileDirectory)Basic\physics_effects\include\physics_effects\low_level\pfx_low_level_include.h">
      <Filter>Basic\Extra\physics_effects\Headers\low_level</Filter>
    </ClInclude>
    <ClInclude Include="$(MSBuildThisFileDirectory)Basic\physics_effects\include\physics_effects\util\pfx_array.h">
      <Filter>Basic\Extra\physics_effects\Headers\util</Filter>
    </ClInclude>
    <ClInclude Include="$(MSBuildThisFileDirectory)Basic\physics_effects\include\physics_effects\util\pfx_array_implementation.h">
      <Filter>Basic\Extra\physics_effects\Headers\util</Filter>
    </ClInclude>
    <ClInclude Include="$(MSBuildThisFileDirectory)Basic\physics_effects\include\physics_effects\util\pfx_debug_render.h">
      <Filter>Basic\Extra\physics_effects\Headers\util</Filter>
    </ClInclude>
    <ClInclude Include="$(MSBuildThisFileDirectory)Basic\physics_effects\include\physics_effects\util\pfx_mass.h">
      <Filter>Basic\Extra\physics_effects\Headers\util</Filter>
    </ClInclude>
    <ClInclude Include="$(MSBuildThisFileDirectory)Basic\physics_effects\include\physics_effects\util\pfx_mesh_creator.h">
      <Filter>Basic\Extra\physics_effects\Headers\util</Filter>
    </ClInclude>
    <ClInclude Include="$(MSBuildThisFileDirectory)Basic\physics_effects\include\physics_effects\util\pfx_pool_array.h">
      <Filter>Basic\Extra\physics_effects\Headers\util</Filter>
    </ClInclude>
    <ClInclude Include="$(MSBuildThisFileDirectory)Basic\physics_effects\include\physics_effects\util\pfx_pool_array_implementation.h">
      <Filter>Basic\Extra\physics_effects\Headers\util</Filter>
    </ClInclude>
    <ClInclude Include="$(MSBuildThisFileDirectory)Basic\physics_effects\include\physics_effects\util\pfx_static_array.h">
      <Filter>Basic\Extra\physics_effects\Headers\util</Filter>
    </ClInclude>
    <ClInclude Include="$(MSBuildThisFileDirectory)Basic\physics_effects\include\physics_effects\util\pfx_static_array_implementation.h">
      <Filter>Basic\Extra\physics_effects\Headers\util</Filter>
    </ClInclude>
    <ClInclude Include="$(MSBuildThisFileDirectory)Basic\physics_effects\include\physics_effects\util\pfx_util_common.h">
      <Filter>Basic\Extra\physics_effects\Headers\util</Filter>
    </ClInclude>
    <ClInclude Include="$(MSBuildThisFileDirectory)Basic\physics_effects\include\physics_effects\util\pfx_util_include.h">
      <Filter>Basic\Extra\physics_effects\Headers\util</Filter>
    </ClInclude>
    <ClInclude Include="$(MSBuildThisFileDirectory)Basic\physics_effects\include\physics_effects.h">
      <Filter>Basic\Extra\physics_effects\Headers</Filter>
    </ClInclude>
    <ClInclude Include="$(MSBuildThisFileDirectory)Basic\physics_effects\src\base_level\broadphase\pfx_check_collidable.h">
      <Filter>Basic\Extra\physics_effects\Sources\base_level\broadphase</Filter>
    </ClInclude>
    <ClInclude Include="$(MSBuildThisFileDirectory)Basic\physics_effects\src\base_level\collision\pfx_contact_box_box.h">
      <Filter>Basic\Extra\physics_effects\Sources\base_level\collision</Filter>
    </ClInclude>
    <ClInclude Include="$(MSBuildThisFileDirectory)Basic\physics_effects\src\base_level\collision\pfx_contact_box_capsule.h">
      <Filter>Basic\Extra\physics_effects\Sources\base_level\collision</Filter>
    </ClInclude>
    <ClInclude Include="$(MSBuildThisFileDirectory)Basic\physics_effects\src\base_level\collision\pfx_contact_box_sphere.h">
      <Filter>Basic\Extra\physics_effects\Sources\base_level\collision</Filter>
    </ClInclude>
    <ClInclude Include="$(MSBuildThisFileDirectory)Basic\physics_effects\src\base_level\collision\pfx_contact_cache.h">
      <Filter>Basic\Extra\physics_effects\Sources\base_level\collision</Filter>
    </ClInclude>
    <ClInclude Include="$(MSBuildThisFileDirectory)Basic\physics_effects\src\base_level\collision\pfx_contact_capsule_capsule.h">
      <Filter>Basic\Extra\physics_effects\Sources\base_level\collision</Filter>
    </ClInclude>
    <ClInclude Include="$(MSBuildThisFileDirectory)Basic\physics_effects\src\base_level\collision\pfx_contact_capsule_sphere.h">
      <Filter>Basic\Extra\physics_effects\Sources\base_level\collision</Filter>
    </ClInclude>
    <ClInclude Include="$(MSBuildThisFileDirectory)Basic\physics_effects\src\base_level\collision\pfx_contact_large_tri_mesh.h">
      <Filter>Basic\Extra\physics_effects\Sources\base_level\collision</Filter>
    </ClInclude>
    <ClInclude Include="$(MSBuildThisFileDirectory)Basic\physics_effects\src\base_level\collision\pfx_contact_sphere_sphere.h">
      <Filter>Basic\Extra\physics_effects\Sources\base_level\collision</Filter>
    </ClInclude>
    <ClInclude Include="$(MSBuildThisFileDirectory)Basic\physics_effects\src\base_level\collision\pfx_contact_tri_mesh_box.h">
      <Filter>Basic\Extra\physics_effects\Sources\base_level\collision</Filter>
    </ClInclude>
    <ClInclude Include="$(MSBuildThisFileDirectory)Basic\physics_effects\src\base_level\collision\pfx_contact_tri_mesh_capsule.h">
      <Filter>Basic\Extra\physics_effects\Sources\base_level\collision</Filter>
    </ClInclude>
    <ClInclude Include="$(MSBuildThisFileDirectory)Basic\physics_effects\src\base_level\collision\pfx_contact_tri_mesh_convex.h">
      <Filter>Basic\Extra\physics_effects\Sources\base_level\collision</Filter>
    </ClInclude>
    <ClInclude Include="$(MSBuildThisFileDirectory)Basic\physics_effects\src\base_level\collision\pfx_contact_tri_mesh_cylinder.h">
      <Filter>Basic\Extra\physics_effects\Sources\base_level\collision</Filter>
    </ClInclude>
    <ClInclude Include="$(MSBuildThisFileDirectory)Basic\physics_effects\src\base_level\collision\pfx_contact_tri_mesh_sphere.h">
      <Filter>Basic\Extra\physics_effects\Sources\base_level\collision</Filter>
    </ClInclude>
    <ClInclude Include="$(MSBuildThisFileDirectory)Basic\physics_effects\src\base_level\collision\pfx_decoded_tri_mesh.h">
      <Filter>Basic\Extra\physics_effects\Sources\base_level\collision</Filter>
    </ClInclude>
    <ClInclude Include="$(MSBuildThisFileDirectory)Basic\physics_effects\src\base_level\collision\pfx_gjk_solver.h">
      <Filter>Basic\Extra\physics_effects\Sources\base_level\collision</Filter>
    </ClInclude>
    <ClInclude Include="$(MSBuildThisFileDirectory)Basic\physics_effects\src\base_level\collision\pfx_gjk_support_func.h">
      <Filter>Basic\Extra\physics_effects\Sources\base_level\collision</Filter>
    </ClInclude>
    <ClInclude Include="$(MSBuildThisFileDirectory)Basic\physics_effects\src\base_level\collision\pfx_intersect_common.h">
      <Filter>Basic\Extra\physics_effects\Sources\base_level\collision</Filter>
    </ClInclude>
    <ClInclude Include="$(MSBuildThisFileDirectory)Basic\physics_effects\src\base_level\collision\pfx_intersect_ray_box.h">
      <Filter>Basic\Extra\physics_effects\Sources\base_level\collision</Filter>
    </ClInclude>
    <ClInclude Include="$(MSBuildThisFileDirectory)Basic\physics_effects\src\base_level\collision\pfx_intersect_ray_capsule.h">
      <Filter>Basic\Extra\physics_effects\Sources\base_level\collision</Filter>
    </ClInclude>
    <ClInclude Include="$(MSBuildThisFileDirectory)Basic\physics_effects\src\base_level\collision\pfx_intersect_ray_convex.h">
      <Filter>Basic\Extra\physics_effects\Sources\base_level\collision</Filter>
    </ClInclude>
    <ClInclude Include="$(MSBuildThisFileDirectory)Basic\physics_effects\src\base_level\collision\pfx_intersect_ray_cylinder.h">
      <Filter>Basic\Extra\physics_effects\Sources\base_level\collision</Filter>
    </ClInclude>
    <ClInclude Include="$(MSBuildThisFileDirectory)Basic\physics_effects\src\base_level\collision\pfx_intersect_ray_large_tri_mesh.h">
      <Filter>Basic\Extra\physics_effects\Sources\base_level\collision</Filter>
    </ClInclude>
    <ClInclude Include="$(MSBuildThisFileDirectory)Basic\physics_effects\src\base_level\collision\pfx_intersect_ray_sphere.h">
      <Filter>Basic\Extra\physics_effects\Sources\base_level\collision</Filter>
    </ClInclude>
    <ClInclude Include="$(MSBuildThisFileDirectory)Basic\physics_effects\src\base_level\collision\pfx_mesh_common.h">
      <Filter>Basic\Extra\physics_effects\Sources\base_level\collision</Filter>
    </ClInclude>
    <ClInclude Include="$(MSBuildThisFileDirectory)Basic\physics_effects\src\base_level\collision\pfx_simplex_solver.h">
      <Filter>Basic\Extra\physics_effects\Sources\base_level\collision</Filter>
    </ClInclude>
    <ClInclude Include="$(MSBuildThisFileDirectory)Basic\physics_effects\src\base_level\solver\pfx_check_solver.h">
      <Filter>Basic\Extra\physics_effects\Sources\base_level\solver</Filter>
    </ClInclude>
    <ClInclude Include="$(MSBuildThisFileDirectory)Basic\physics_effects\src\base_level\solver\pfx_constraint_row_solver.h">
      <Filter>Basic\Extra\physics_effects\Sources\base_level\solver</Filter>
    </ClInclude>
    <ClInclude Include="$(MSBuildThisFileDirectory)Basic\physics_effects\src\low_level\collision\pfx_detect_collision_func.h">
      <Filter>Basic\Extra\physics_effects\Sources\low_level\collision</Filter>
    </ClInclude>
    <ClInclude Include="$(MSBuildThisFileDirectory)Basic\physics_effects\src\low_level\collision\pfx_intersect_ray_func.h">
      <Filter>Basic\Extra\physics_effects\Sources\low_level\collision</Filter>
    </ClInclude>
    <ClInclude Include="$(MSBuildThisFileDirectory)Basic\physics_effects\src\low_level\solver\pfx_parallel_group.h">
      <Filter>Basic\Extra\physics_effects\Sources\low_level\solver</Filter>
    </ClInclude>
    <ClInclude Include="$(MSBuildThisFileDirectory)Basic\vectormath\boolInVec.h">
      <Filter>Basic\Extra\vectormath</Filter>
    </ClInclude>
    <ClInclude Include="$(MSBuildThisFileDirectory)Basic\vectormath\floatInVec.h">
      <Filter>Basic\Extra\vectormath</Filter>
    </ClInclude>
    <ClInclude Include="$(MSBuildThisFileDirectory)Basic\vectormath\mat_aos.h">
      <Filter>Basic\Extra\vectormath</Filter>
    </ClInclude>
    <ClInclude Include="$(MSBuildThisFileDirectory)Basic\vectormath\quat_aos.h">
      <Filter>Basic\Extra\vectormath</Filter>
    </ClInclude>
    <ClInclude Include="$(MSBuildThisFileDirectory)Basic\vectormath\vec_aos.h">
      <Filter>Basic\Extra\vectormath</Filter>
    </ClInclude>
    <ClInclude Include="$(MSBuildThisFileDirectory)Basic\vectormath\vectormath_aos.h">
      <Filter>Basic\Extra\vectormath</Filter>
    </ClInclude>
    <ClInclude Include="$(MSBuildThisFileDirectory)Basic\BasePhysics.h">
      <Filter>Basic\Headers</Filter>
    </ClInclude>
    <ClInclude Include="$(MSBuildThisFileDirectory)Standerd\Objects\StateMachine.h">
      <Filter>Standerd\Objects\Headers</Filter>
    </ClInclude>
    <ClInclude Include="$(MSBuildThisFileDirectory)Standerd\Objects\Behavior.h">
      <Filter>Standerd\Objects\Headers</Filter>
    </ClInclude>
    <ClInclude Include="$(MSBuildThisFileDirectory)Standerd\Objects\SteeringBehavior.h">
      <Filter>Standerd\Objects\Headers</Filter>
    </ClInclude>
    <ClInclude Include="$(MSBuildThisFileDirectory)Standerd\Objects\Steering.h">
      <Filter>Standerd\Objects\Headers</Filter>
    </ClInclude>
    <ClInclude Include="$(MSBuildThisFileDirectory)Standerd\Components\Action.h">
      <Filter>Standerd\Components\Headers</Filter>
    </ClInclude>
    <ClInclude Include="$(MSBuildThisFileDirectory)Basic\BaseMesh.h">
      <Filter>Basic\Headers</Filter>
    </ClInclude>
    <ClInclude Include="$(MSBuildThisFileDirectory)Basic\BaseTexture.h">
      <Filter>Basic\Headers</Filter>
    </ClInclude>
    <ClInclude Include="$(MSBuildThisFileDirectory)Basic\BaseFrame.h">
      <Filter>Basic\Headers</Filter>
    </ClInclude>
    <ClInclude Include="$(MSBuildThisFileDirectory)Standerd\Components\SpStaticDraw.h">
      <Filter>Standerd\Components\Headers</Filter>
    </ClInclude>
    <ClInclude Include="$(MSBuildThisFileDirectory)Basic\BaseBlendState.h">
      <Filter>Basic\Headers</Filter>
    </ClInclude>
    <ClInclude Include="$(MSBuildThisFileDirectory)Standerd\Components\ShadowmapDraw.h">
      <Filter>Standerd\Components\Headers</Filter>
    </ClInclude>
    <ClInclude Include="$(MSBuildThisFileDirectory)Standerd\Components\BcStaticDraw.h">
      <Filter>Standerd\Components\Headers</Filter>
    </ClInclude>
  </ItemGroup>
  <ItemGroup>
    <ClCompile Include="$(MSBuildThisFileDirectory)Basic\BaseDevice.cpp">
      <Filter>Basic\Sources</Filter>
    </ClCompile>
    <ClCompile Include="$(MSBuildThisFileDirectory)Basic\App.cpp">
      <Filter>Basic\Sources</Filter>
    </ClCompile>
    <ClCompile Include="$(MSBuildThisFileDirectory)Basic\BaseScene.cpp">
      <Filter>Basic\Sources</Filter>
    </ClCompile>
    <ClCompile Include="$(MSBuildThisFileDirectory)Basic\BaseHelper.cpp">
      <Filter>Basic\Sources</Filter>
    </ClCompile>
    <ClCompile Include="$(MSBuildThisFileDirectory)Basic\VertexHelper.cpp">
      <Filter>Basic\Sources</Filter>
    </ClCompile>
    <ClCompile Include="$(MSBuildThisFileDirectory)Basic\MeshHelper.cpp">
      <Filter>Basic\Sources</Filter>
    </ClCompile>
    <ClCompile Include="$(MSBuildThisFileDirectory)Basic\BaseCamera.cpp">
      <Filter>Basic\Sources</Filter>
    </ClCompile>
    <ClCompile Include="$(MSBuildThisFileDirectory)Basic\BaseLight.cpp">
      <Filter>Basic\Sources</Filter>
    </ClCompile>
    <ClCompile Include="$(MSBuildThisFileDirectory)Standerd\Components\Component.cpp">
      <Filter>Standerd\Components\Sources</Filter>
    </ClCompile>
    <ClCompile Include="$(MSBuildThisFileDirectory)Standerd\Components\Transform.cpp">
      <Filter>Standerd\Components\Sources</Filter>
    </ClCompile>
    <ClCompile Include="$(MSBuildThisFileDirectory)Standerd\Objects\GameObject.cpp">
      <Filter>Standerd\Objects\Sources</Filter>
    </ClCompile>
    <ClCompile Include="$(MSBuildThisFileDirectory)Standerd\Objects\Stage.cpp">
      <Filter>Standerd\Objects\Sources</Filter>
    </ClCompile>
    <ClCompile Include="$(MSBuildThisFileDirectory)Standerd\Components\Collision.cpp">
      <Filter>Standerd\Components\Sources</Filter>
    </ClCompile>
    <ClCompile Include="$(MSBuildThisFileDirectory)Standerd\Objects\CollisionManager.cpp">
      <Filter>Standerd\Objects\Sources</Filter>
    </ClCompile>
    <ClCompile Include="$(MSBuildThisFileDirectory)Standerd\Components\Gravity.cpp">
      <Filter>Standerd\Components\Sources</Filter>
    </ClCompile>
    <ClCompile Include="$(MSBuildThisFileDirectory)Basic\physics_effects\src\base_level\broadphase\pfx_update_broadphase_proxy.cpp">
      <Filter>Basic\Extra\physics_effects\Sources\base_level\broadphase</Filter>
    </ClCompile>
    <ClCompile Include="$(MSBuildThisFileDirectory)Basic\physics_effects\src\base_level\collision\pfx_collidable.cpp">
      <Filter>Basic\Extra\physics_effects\Sources\base_level\collision</Filter>
    </ClCompile>
    <ClCompile Include="$(MSBuildThisFileDirectory)Basic\physics_effects\src\base_level\collision\pfx_contact_box_box.cpp">
      <Filter>Basic\Extra\physics_effects\Sources\base_level\collision</Filter>
    </ClCompile>
    <ClCompile Include="$(MSBuildThisFileDirectory)Basic\physics_effects\src\base_level\collision\pfx_contact_box_capsule.cpp">
      <Filter>Basic\Extra\physics_effects\Sources\base_level\collision</Filter>
    </ClCompile>
    <ClCompile Include="$(MSBuildThisFileDirectory)Basic\physics_effects\src\base_level\collision\pfx_contact_box_sphere.cpp">
      <Filter>Basic\Extra\physics_effects\Sources\base_level\collision</Filter>
    </ClCompile>
    <ClCompile Include="$(MSBuildThisFileDirectory)Basic\physics_effects\src\base_level\collision\pfx_contact_cache.cpp">
      <Filter>Basic\Extra\physics_effects\Sources\base_level\collision</Filter>
    </ClCompile>
    <ClCompile Include="$(MSBuildThisFileDirectory)Basic\physics_effects\src\base_level\collision\pfx_contact_capsule_capsule.cpp">
      <Filter>Basic\Extra\physics_effects\Sources\base_level\collision</Filter>
    </ClCompile>
    <ClCompile Include="$(MSBuildThisFileDirectory)Basic\physics_effects\src\base_level\collision\pfx_contact_capsule_sphere.cpp">
      <Filter>Basic\Extra\physics_effects\Sources\base_level\collision</Filter>
    </ClCompile>
    <ClCompile Include="$(MSBuildThisFileDirectory)Basic\physics_effects\src\base_level\collision\pfx_contact_large_tri_mesh.cpp">
      <Filter>Basic\Extra\physics_effects\Sources\base_level\collision</Filter>
    </ClCompile>
    <ClCompile Include="$(MSBuildThisFileDirectory)Basic\physics_effects\src\base_level\collision\pfx_contact_manifold.cpp">
      <Filter>Basic\Extra\physics_effects\Sources\base_level\collision</Filter>
    </ClCompile>
    <ClCompile Include="$(MSBuildThisFileDirectory)Basic\physics_effects\src\base_level\collision\pfx_contact_sphere_sphere.cpp">
      <Filter>Basic\Extra\physics_effects\Sources\base_level\collision</Filter>
    </ClCompile>
    <ClCompile Include="$(MSBuildThisFileDirectory)Basic\physics_effects\src\base_level\collision\pfx_contact_tri_mesh_box.cpp">
      <Filter>Basic\Extra\physics_effects\Sources\base_level\collision</Filter>
    </ClCompile>
    <ClCompile Include="$(MSBuildThisFileDirectory)Basic\physics_effects\src\base_level\collision\pfx_contact_tri_mesh_capsule.cpp">
      <Filter>Basic\Extra\physics_effects\Sources\base_level\collision</Filter>
    </ClCompile>
    <ClCompile Include="$(MSBuildThisFileDirectory)Basic\physics_effects\src\base_level\collision\pfx_contact_tri_mesh_convex.cpp">
      <Filter>Basic\Extra\physics_effects\Sources\base_level\collision</Filter>
    </ClCompile>
    <ClCompile Include="$(MSBuildThisFileDirectory)Basic\physics_effects\src\base_level\collision\pfx_contact_tri_mesh_cylinder.cpp">
      <Filter>Basic\Extra\physics_effects\Sources\base_level\collision</Filter>
    </ClCompile>
    <ClCompile Include="$(MSBuildThisFileDirectory)Basic\physics_effects\src\base_level\collision\pfx_contact_tri_mesh_sphere.cpp">
      <Filter>Basic\Extra\physics_effects\Sources\base_level\collision</Filter>
    </ClCompile>
    <ClCompile Include="$(MSBuildThisFileDirectory)Basic\physics_effects\src\base_level\collision\pfx_gjk_solver.cpp">
      <Filter>Basic\Extra\physics_effects\Sources\base_level\collision</Filter>
    </ClCompile>
    <ClCompile Include="$(MSBuildThisFileDirectory)Basic\physics_effects\src\base_level\collision\pfx_gjk_support_func.cpp">
      <Filter>Basic\Extra\physics_effects\Sources\base_level\collision</Filter>
    </ClCompile>
    <ClCompile Include="$(MSBuildThisFileDirectory)Basic\physics_effects\src\base_level\collision\pfx_intersect_ray_box.cpp">
      <Filter>Basic\Extra\physics_effects\Sources\base_level\collision</Filter>
    </ClCompile>
    <ClCompile Include="$(MSBuildThisFileDirectory)Basic\physics_effects\src\base_level\collision\pfx_intersect_ray_capsule.cpp">
      <Filter>Basic\Extra\physics_effects\Sources\base_level\collision</Filter>
    </ClCompile>
    <ClCompile Include="$(MSBuildThisFileDirectory)Basic\physics_effects\src\base_level\collision\pfx_intersect_ray_convex.cpp">
      <Filter>Basic\Extra\physics_effects\Sources\base_level\collision</Filter>
    </ClCompile>
    <ClCompile Include="$(MSBuildThisFileDirectory)Basic\physics_effects\src\base_level\collision\pfx_intersect_ray_cylinder.cpp">
      <Filter>Basic\Extra\physics_effects\Sources\base_level\collision</Filter>
    </ClCompile>
    <ClCompile Include="$(MSBuildThisFileDirectory)Basic\physics_effects\src\base_level\collision\pfx_intersect_ray_large_tri_mesh.cpp">
      <Filter>Basic\Extra\physics_effects\Sources\base_level\collision</Filter>
    </ClCompile>
    <ClCompile Include="$(MSBuildThisFileDirectory)Basic\physics_effects\src\base_level\collision\pfx_intersect_ray_sphere.cpp">
      <Filter>Basic\Extra\physics_effects\Sources\base_level\collision</Filter>
    </ClCompile>
    <ClCompile Include="$(MSBuildThisFileDirectory)Basic\physics_effects\src\base_level\collision\pfx_shape.cpp">
      <Filter>Basic\Extra\physics_effects\Sources\base_level\collision</Filter>
    </ClCompile>
    <ClCompile Include="$(MSBuildThisFileDirectory)Basic\physics_effects\src\base_level\collision\pfx_simplex_solver.cpp">
      <Filter>Basic\Extra\physics_effects\Sources\base_level\collision</Filter>
    </ClCompile>
    <ClCompile Include="$(MSBuildThisFileDirectory)Basic\physics_effects\src\base_level\solver\pfx_contact_constraint.cpp">
      <Filter>Basic\Extra\physics_effects\Sources\base_level\solver</Filter>
    </ClCompile>
    <ClCompile Include="$(MSBuildThisFileDirectory)Basic\physics_effects\src\base_level\solver\pfx_joint_ball.cpp">
      <Filter>Basic\Extra\physics_effects\Sources\base_level\solver</Filter>
    </ClCompile>
    <ClCompile Include="$(MSBuildThisFileDirectory)Basic\physics_effects\src\base_level\solver\pfx_joint_fix.cpp">
      <Filter>Basic\Extra\physics_effects\Sources\base_level\solver</Filter>
    </ClCompile>
    <ClCompile Include="$(MSBuildThisFileDirectory)Basic\physics_effects\src\base_level\solver\pfx_joint_hinge.cpp">
      <Filter>Basic\Extra\physics_effects\Sources\base_level\solver</Filter>
    </ClCompile>
    <ClCompile Include="$(MSBuildThisFileDirectory)Basic\physics_effects\src\base_level\solver\pfx_joint_slider.cpp">
      <Filter>Basic\Extra\physics_effects\Sources\base_level\solver</Filter>
    </ClCompile>
    <ClCompile Include="$(MSBuildThisFileDirectory)Basic\physics_effects\src\base_level\solver\pfx_joint_swing_twist.cpp">
      <Filter>Basic\Extra\physics_effects\Sources\base_level\solver</Filter>
    </ClCompile>
    <ClCompile Include="$(MSBuildThisFileDirectory)Basic\physics_effects\src\base_level\solver\pfx_joint_universal.cpp">
      <Filter>Basic\Extra\physics_effects\Sources\base_level\solver</Filter>
    </ClCompile>
    <ClCompile Include="$(MSBuildThisFileDirectory)Basic\physics_effects\src\base_level\sort\pfx_sort.cpp">
      <Filter>Basic\Extra\physics_effects\Sources\base_level\sort</Filter>
    </ClCompile>
    <ClCompile Include="$(MSBuildThisFileDirectory)Basic\physics_effects\src\low_level\broadphase\pfx_broadphase_single.cpp">
      <Filter>Basic\Extra\physics_effects\Sources\low_level\broadphase</Filter>
    </ClCompile>
    <ClCompile Include="$(MSBuildThisFileDirectory)Basic\physics_effects\src\low_level\collision\pfx_batched_ray_cast_single.cpp">
      <Filter>Basic\Extra\physics_effects\Sources\low_level\collision</Filter>
    </ClCompile>
    <ClCompile Include="$(MSBuildThisFileDirectory)Basic\physics_effects\src\low_level\collision\pfx_collision_detection_single.cpp">
      <Filter>Basic\Extra\physics_effects\Sources\low_level\collision</Filter>
    </ClCompile>
    <ClCompile Include="$(MSBuildThisFileDirectory)Basic\physics_effects\src\low_level\collision\pfx_detect_collision_func.cpp">
      <Filter>Basic\Extra\physics_effects\Sources\low_level\collision</Filter>
    </ClCompile>
    <ClCompile Include="$(MSBuildThisFileDirectory)Basic\physics_effects\src\low_level\collision\pfx_intersect_ray_func.cpp">
      <Filter>Basic\Extra\physics_effects\Sources\low_level\collision</Filter>
    </ClCompile>
    <ClCompile Include="$(MSBuildThisFileDirectory)Basic\physics_effects\src\low_level\collision\pfx_island_generation.cpp">
      <Filter>Basic\Extra\physics_effects\Sources\low_level\collision</Filter>
    </ClCompile>
    <ClCompile Include="$(MSBuildThisFileDirectory)Basic\physics_effects\src\low_level\collision\pfx_ray_cast.cpp">
      <Filter>Basic\Extra\physics_effects\Sources\low_level\collision</Filter>
    </ClCompile>
    <ClCompile Include="$(MSBuildThisFileDirectory)Basic\physics_effects\src\low_level\collision\pfx_refresh_contacts_single.cpp">
      <Filter>Basic\Extra\physics_effects\Sources\low_level\collision</Filter>
    </ClCompile>
    <ClCompile Include="$(MSBuildThisFileDirectory)Basic\physics_effects\src\low_level\solver\pfx_constraint_solver_single.cpp">
      <Filter>Basic\Extra\physics_effects\Sources\low_level\solver</Filter>
    </ClCompile>
    <ClCompile Include="$(MSBuildThisFileDirectory)Basic\physics_effects\src\low_level\solver\pfx_joint_constraint_func.cpp">
      <Filter>Basic\Extra\physics_effects\Sources\low_level\solver</Filter>
    </ClCompile>
    <ClCompile Include="$(MSBuildThisFileDirectory)Basic\physics_effects\src\low_level\solver\pfx_update_rigid_states_single.cpp">
      <Filter>Basic\Extra\physics_effects\Sources\low_level\solver</Filter>
    </ClCompile>
    <ClCompile Include="$(MSBuildThisFileDirectory)Basic\physics_effects\src\util\pfx_debug_render.cpp">
      <Filter>Basic\Extra\physics_effects\Sources\util</Filter>
    </ClCompile>
    <ClCompile Include="$(MSBuildThisFileDirectory)Basic\physics_effects\src\util\pfx_mass.cpp">
      <Filter>Basic\Extra\physics_effects\Sources\util</Filter>
    </ClCompile>
    <ClCompile Include="$(MSBuildThisFileDirectory)Basic\physics_effects\src\util\pfx_mesh_creator.cpp">
      <Filter>Basic\Extra\physics_effects\Sources\util</Filter>
    </ClCompile>
    <ClCompile Include="$(MSBuildThisFileDirectory)Basic\physics_effects\src\util\pfx_util_common.cpp">
      <Filter>Basic\Extra\physics_effects\Sources\util</Filter>
    </ClCompile>
    <ClCompile Include="$(MSBuildThisFileDirectory)Basic\BasePhysics.cpp">
      <Filter>Basic\Sources</Filter>
    </ClCompile>
    <ClCompile Include="$(MSBuildThisFileDirectory)Standerd\Objects\Behavior.cpp">
      <Filter>Standerd\Objects\Sources</Filter>
    </ClCompile>
    <ClCompile Include="$(MSBuildThisFileDirectory)Standerd\Objects\SteeringBehavior.cpp">
      <Filter>Standerd\Objects\Sources</Filter>
    </ClCompile>
    <ClCompile Include="$(MSBuildThisFileDirectory)Standerd\Objects\Steering.cpp">
      <Filter>Standerd\Objects\Sources</Filter>
    </ClCompile>
    <ClCompile Include="$(MSBuildThisFileDirectory)Standerd\Components\Action.cpp">
      <Filter>Standerd\Components\Sources</Filter>
    </ClCompile>
    <ClCompile Include="$(MSBuildThisFileDirectory)Basic\BaseMesh.cpp">
      <Filter>Basic\Sources</Filter>
    </ClCompile>
    <ClCompile Include="$(MSBuildThisFileDirectory)Basic\BaseTexture.cpp">
      <Filter>Basic\Sources</Filter>
    </ClCompile>
    <ClCompile Include="$(MSBuildThisFileDirectory)Basic\BaseFrame.cpp">
      <Filter>Basic\Sources</Filter>
    </ClCompile>
    <ClCompile Include="$(MSBuildThisFileDirectory)Standerd\Components\SpStaticDraw.cpp">
      <Filter>Standerd\Components\Sources</Filter>
    </ClCompile>
    <ClCompile Include="$(MSBuildThisFileDirectory)Basic\BaseBlendState.cpp">
      <Filter>Basic\Sources</Filter>
    </ClCompile>
    <ClCompile Include="$(MSBuildThisFileDirectory)Standerd\Components\ShadowmapDraw.cpp">
      <Filter>Standerd\Components\Sources</Filter>
    </ClCompile>
    <ClCompile Include="$(MSBuildThisFileDirectory)Standerd\Components\BcStaticDraw.cpp">
      <Filter>Standerd\Components\Sources</Filter>
    </ClCompile>
  </ItemGroup>
  <ItemGroup>
    <None Include="$(MSBuildThisFileDirectory)Shaders\INCStructs.hlsli">
      <Filter>Shaders</Filter>
    </None>
    <None Include="$(MSBuildThisFileDirectory)Shaders\SpINCConstant.hlsli">
      <Filter>Shaders</Filter>
    </None>
    <None Include="$(MSBuildThisFileDirectory)Shaders\SpINCPixel.hlsli">
      <Filter>Shaders</Filter>
    </None>
    <None Include="$(MSBuildThisFileDirectory)Shaders\ExINCStructs.hlsli">
      <Filter>Shaders</Filter>
    </None>
    <None Include="$(MSBuildThisFileDirectory)Shaders\INCShadowmap.hlsli">
      <Filter>Shaders</Filter>
    </None>
    <None Include="$(MSBuildThisFileDirectory)Shaders\BcINCCommon.hlsli">
      <Filter>Shaders</Filter>
    </None>
    <None Include="$(MSBuildThisFileDirectory)Shaders\BcINCConstant.hlsli">
      <Filter>Shaders</Filter>
    </None>
    <None Include="$(MSBuildThisFileDirectory)Shaders\BcINCLighting.hlsli">
      <Filter>Shaders</Filter>
    </None>
    <None Include="$(MSBuildThisFileDirectory)Shaders\BcINCShadow.hlsli">
      <Filter>Shaders</Filter>
    </None>
    <None Include="$(MSBuildThisFileDirectory)Shaders\BcINCStructs.hlsli">
      <Filter>Shaders</Filter>
    </None>
  </ItemGroup>
  <ItemGroup>
    <FxCompile Include="$(MSBuildThisFileDirectory)Shaders\SpPSPNTStatic.hlsl">
      <Filter>Shaders</Filter>
    </FxCompile>
    <FxCompile Include="$(MSBuildThisFileDirectory)Shaders\SpPSPNTStaticShadow.hlsl">
      <Filter>Shaders</Filter>
    </FxCompile>
    <FxCompile Include="$(MSBuildThisFileDirectory)Shaders\SpVSPNTStatic.hlsl">
      <Filter>Shaders</Filter>
    </FxCompile>
    <FxCompile Include="$(MSBuildThisFileDirectory)Shaders\SpVSPNTStaticShadow.hlsl">
      <Filter>Shaders</Filter>
    </FxCompile>
    <FxCompile Include="$(MSBuildThisFileDirectory)Shaders\ExVSPNT.hlsl">
      <Filter>Shaders</Filter>
    </FxCompile>
    <FxCompile Include="$(MSBuildThisFileDirectory)Shaders\VSShadowmap.hlsl">
      <Filter>Shaders</Filter>
    </FxCompile>
    <FxCompile Include="$(MSBuildThisFileDirectory)Shaders\BcPSPNTPL.hlsl">
      <Filter>Shaders</Filter>
    </FxCompile>
    <FxCompile Include="$(MSBuildThisFileDirectory)Shaders\BcVSPNTStaticPL.hlsl">
      <Filter>Shaders</Filter>
    </FxCompile>
    <FxCompile Include="$(MSBuildThisFileDirectory)Shaders\BcPSPNTPLShadow.hlsl">
      <Filter>Shaders</Filter>
    </FxCompile>
    <FxCompile Include="$(MSBuildThisFileDirectory)Shaders\BcVSPNTStaticPLShadow.hlsl">
      <Filter>Shaders</Filter>
    </FxCompile>
  </ItemGroup>
</Project>